<?xml version="1.0" encoding="utf-8"?>
<Project ToolsVersion="4.0" xmlns="http://schemas.microsoft.com/developer/msbuild/2003">
  <ItemGroup>
    <Filter Include="98. Default">
      <UniqueIdentifier>{98503198-1105-4adb-8798-6b0d25a9fee9}</UniqueIdentifier>
    </Filter>
    <Filter Include="99. Defines">
      <UniqueIdentifier>{64fd7a11-4f6d-464d-b7dc-07e720f1d17f}</UniqueIdentifier>
    </Filter>
    <Filter Include="00. MainApp">
      <UniqueIdentifier>{72d80296-5ddf-45ee-8dff-fd463e2d3d65}</UniqueIdentifier>
    </Filter>
    <Filter Include="01. Levels">
      <UniqueIdentifier>{84ac9c3a-8bd5-4439-b52a-6e4d33783a57}</UniqueIdentifier>
    </Filter>
    <Filter Include="02. GameObject">
      <UniqueIdentifier>{aca78bca-ada4-4502-ac17-223df2033f23}</UniqueIdentifier>
    </Filter>
    <Filter Include="01. Levels\Loading">
      <UniqueIdentifier>{0e26d599-68c7-4471-b9ae-3caeb7749600}</UniqueIdentifier>
    </Filter>
    <Filter Include="01. Levels\Logo">
      <UniqueIdentifier>{da009060-4bf9-4fcc-9117-95c3e52a729f}</UniqueIdentifier>
    </Filter>
    <Filter Include="01. Levels\Loading\Loader">
      <UniqueIdentifier>{879cfb9b-fd15-4e1c-b93c-0b1c2177aa76}</UniqueIdentifier>
    </Filter>
    <Filter Include="02. GameObject\Background">
      <UniqueIdentifier>{f03ceea5-0c2c-4691-82b1-383262c4bfa4}</UniqueIdentifier>
    </Filter>
    <Filter Include="02. GameObject\Terrain">
      <UniqueIdentifier>{e6d9082e-df02-4579-a3ac-3ae46d42b422}</UniqueIdentifier>
    </Filter>
    <Filter Include="97. ShaderFiles">
      <UniqueIdentifier>{1169c46f-4a0a-4057-9bdf-6284a9995c54}</UniqueIdentifier>
    </Filter>
    <Filter Include="96 ImGui">
      <UniqueIdentifier>{4f3caca1-d572-468c-b1a3-6856de137220}</UniqueIdentifier>
    </Filter>
    <Filter Include="96 ImGui\MapToolGUI">
      <UniqueIdentifier>{7feebb72-cfee-416e-800d-023380095360}</UniqueIdentifier>
    </Filter>
    <Filter Include="96 ImGui\imgui">
      <UniqueIdentifier>{880dc489-0647-4238-86cd-128dd5a4f5dd}</UniqueIdentifier>
    </Filter>
    <Filter Include="02. GameObject\Terrain\FlatTerrain">
      <UniqueIdentifier>{0c109fd4-e705-4af0-9aac-48c2dbc7ae06}</UniqueIdentifier>
    </Filter>
    <Filter Include="96 ImGui\DataToolGUI">
      <UniqueIdentifier>{4b68341e-8e0c-4946-a930-0258f43bc12d}</UniqueIdentifier>
    </Filter>
    <Filter Include="02. GameObject\Player">
      <UniqueIdentifier>{7132cc79-bd6b-439e-b4b1-ae5ec88af567}</UniqueIdentifier>
    </Filter>
    <Filter Include="96 ImGui\Utill">
      <UniqueIdentifier>{2124fcc0-bcc6-4afe-87b3-1b720a27b396}</UniqueIdentifier>
    </Filter>
    <Filter Include="96 ImGui\UiToolGUI">
      <UniqueIdentifier>{42977d6c-63c4-4b92-847f-ad3e2c051569}</UniqueIdentifier>
    </Filter>
    <Filter Include="02. GameObject\UI">
      <UniqueIdentifier>{57346e36-1bc9-4e61-a482-51ada3529dbb}</UniqueIdentifier>
    </Filter>
    <Filter Include="02. GameObject\UI\ModelUI">
      <UniqueIdentifier>{ae585fe3-8c7f-4404-bc37-4ef318b9503c}</UniqueIdentifier>
    </Filter>
    <Filter Include="02. GameObject\UI\TextureUI">
      <UniqueIdentifier>{fd3276a0-7b60-40c6-b554-423274bf23f9}</UniqueIdentifier>
    </Filter>
    <Filter Include="02. GameObject\BaseCamp">
      <UniqueIdentifier>{e9b07c8e-9610-4a89-b5c9-82703cc58110}</UniqueIdentifier>
    </Filter>
    <Filter Include="02. GameObject\Map">
      <UniqueIdentifier>{8e605126-9621-4e87-9a52-105cad4ffca5}</UniqueIdentifier>
    </Filter>
    <Filter Include="02. GameObject\TestModel">
      <UniqueIdentifier>{d0983206-d520-4cb0-a2ce-f921a2558e65}</UniqueIdentifier>
    </Filter>
    <Filter Include="02. GameObject\Camera">
      <UniqueIdentifier>{d0cd6129-d1d0-4c79-a307-aac1f29c9e76}</UniqueIdentifier>
    </Filter>
    <Filter Include="02. GameObject\Camera\Public">
      <UniqueIdentifier>{ade22b3d-5e2c-4d64-a46c-594cdf5ebf08}</UniqueIdentifier>
    </Filter>
    <Filter Include="02. GameObject\UI\Button">
      <UniqueIdentifier>{486196df-508d-4ae8-ae3b-9071d41cdf7a}</UniqueIdentifier>
    </Filter>
    <Filter Include="01. Levels\BaseCamp">
      <UniqueIdentifier>{904cf744-ac4b-4777-8420-7603b08c6275}</UniqueIdentifier>
    </Filter>
    <Filter Include="01. Levels\WorldMap">
      <UniqueIdentifier>{3f7f32b7-b611-4636-a314-0af8e969ceec}</UniqueIdentifier>
    </Filter>
    <Filter Include="02. GameObject\WorldMap">
      <UniqueIdentifier>{c22b070c-2ee9-4911-a960-18b46263c1e6}</UniqueIdentifier>
    </Filter>
    <Filter Include="02. GameObject\Monster">
      <UniqueIdentifier>{54be1a60-304a-4f70-ad89-77a4ecc855d9}</UniqueIdentifier>
    </Filter>
    <Filter Include="Client_Utility">
      <UniqueIdentifier>{90363512-9d02-46ba-a50c-d5e5a1df79ce}</UniqueIdentifier>
    </Filter>
    <Filter Include="02. GameObject\UI\Button\GoToWorldMapButton">
      <UniqueIdentifier>{05d2d0bd-73c3-4600-9abe-ce3a11ec84cb}</UniqueIdentifier>
    </Filter>
  </ItemGroup>
  <ItemGroup>
    <ClInclude Include="Tool.h">
      <Filter>98. Default</Filter>
    </ClInclude>
    <ClInclude Include="stdafx.h">
      <Filter>98. Default</Filter>
    </ClInclude>
    <ClInclude Include="Resource.h">
      <Filter>98. Default</Filter>
    </ClInclude>
    <ClInclude Include="targetver.h">
      <Filter>98. Default</Filter>
    </ClInclude>
    <ClInclude Include="..\Public\Client_Defines.h">
      <Filter>99. Defines</Filter>
    </ClInclude>
    <ClInclude Include="..\Public\MainApp.h">
      <Filter>00. MainApp</Filter>
    </ClInclude>
    <ClInclude Include="..\Public\Level_BaseCamp.h">
      <Filter>01. Levels\BaseCamp</Filter>
    </ClInclude>
    <ClInclude Include="..\Public\Loader.h">
      <Filter>01. Levels\Loading\Loader</Filter>
    </ClInclude>
    <ClInclude Include="..\Public\Level_Loading.h">
      <Filter>01. Levels\Loading</Filter>
    </ClInclude>
    <ClInclude Include="..\Public\Level_Logo.h">
      <Filter>01. Levels\Logo</Filter>
    </ClInclude>
    <ClInclude Include="..\Public\BackGround.h">
      <Filter>02. GameObject\Background</Filter>
    </ClInclude>
    <ClInclude Include="..\Public\Terrain.h">
      <Filter>02. GameObject\Terrain</Filter>
    </ClInclude>
    <ClInclude Include="..\Public\MapToolGUI.h">
      <Filter>96 ImGui\MapToolGUI</Filter>
    </ClInclude>
    <ClInclude Include="..\imgui\imconfig.h">
      <Filter>96 ImGui\imgui</Filter>
    </ClInclude>
    <ClInclude Include="..\imgui\imgui.h">
      <Filter>96 ImGui\imgui</Filter>
    </ClInclude>
    <ClInclude Include="..\imgui\imgui_internal.h">
      <Filter>96 ImGui\imgui</Filter>
    </ClInclude>
    <ClInclude Include="..\imgui\ImGuiFileBrowser.h">
      <Filter>96 ImGui\imgui</Filter>
    </ClInclude>
    <ClInclude Include="..\imgui\imstb_rectpack.h">
      <Filter>96 ImGui\imgui</Filter>
    </ClInclude>
    <ClInclude Include="..\imgui\imstb_textedit.h">
      <Filter>96 ImGui\imgui</Filter>
    </ClInclude>
    <ClInclude Include="..\imgui\imstb_truetype.h">
      <Filter>96 ImGui\imgui</Filter>
    </ClInclude>
    <ClInclude Include="..\imgui\backends\imgui_impl_dx11.h">
      <Filter>96 ImGui\imgui</Filter>
    </ClInclude>
    <ClInclude Include="..\imgui\backends\imgui_impl_win32.h">
      <Filter>96 ImGui\imgui</Filter>
    </ClInclude>
    <ClInclude Include="..\Public\FlatTerrain.h">
      <Filter>02. GameObject\Terrain\FlatTerrain</Filter>
    </ClInclude>
    <ClInclude Include="..\Public\DataToolGUI.h">
      <Filter>96 ImGui\DataToolGUI</Filter>
    </ClInclude>
    <ClInclude Include="..\Public\TestModel.h">
      <Filter>02. GameObject\TestModel</Filter>
    </ClInclude>
    <ClInclude Include="..\Public\Player.h">
      <Filter>02. GameObject\Player</Filter>
    </ClInclude>
    <ClInclude Include="..\Public\FileDialogUtill.h">
      <Filter>96 ImGui\Utill</Filter>
    </ClInclude>
    <ClInclude Include="..\Public\UIToolGUI.h">
      <Filter>96 ImGui\UiToolGUI</Filter>
    </ClInclude>
    <ClInclude Include="..\Public\UI.h">
      <Filter>02. GameObject\UI</Filter>
    </ClInclude>
    <ClInclude Include="..\Public\ModelUI.h">
      <Filter>02. GameObject\UI\ModelUI</Filter>
    </ClInclude>
    <ClInclude Include="..\Public\TextureUI.h">
      <Filter>02. GameObject\UI\TextureUI</Filter>
    </ClInclude>
    <ClInclude Include="..\Public\Map.h">
      <Filter>02. GameObject\Map</Filter>
    </ClInclude>
    <ClInclude Include="..\Public\Stove.h">
      <Filter>02. GameObject\BaseCamp</Filter>
    </ClInclude>
    <ClInclude Include="..\Public\Camera_Public.h">
      <Filter>02. GameObject\Camera\Public</Filter>
    </ClInclude>
    <ClInclude Include="..\Public\Button.h">
      <Filter>02. GameObject\UI\Button</Filter>
    </ClInclude>
    <ClInclude Include="..\Public\Level_WorldMap.h">
      <Filter>01. Levels\WorldMap</Filter>
    </ClInclude>
    <ClInclude Include="..\Public\WorldMapCloud.h">
      <Filter>02. GameObject\WorldMap</Filter>
    </ClInclude>
    <ClInclude Include="..\Public\Monster.h">
      <Filter>02. GameObject\Monster</Filter>
    </ClInclude>
    <ClInclude Include="..\Public\Client_Utility.h">
      <Filter>Client_Utility</Filter>
    </ClInclude>
    <ClInclude Include="..\Public\GoToWorldMapButton.h">
      <Filter>02. GameObject\UI\Button\GoToWorldMapButton</Filter>
    </ClInclude>
  </ItemGroup>
  <ItemGroup>
    <Image Include="small.ico">
      <Filter>98. Default</Filter>
    </Image>
    <Image Include="Tool.ico">
      <Filter>98. Default</Filter>
    </Image>
  </ItemGroup>
  <ItemGroup>
    <ResourceCompile Include="Tool.rc">
      <Filter>98. Default</Filter>
    </ResourceCompile>
  </ItemGroup>
  <ItemGroup>
    <ClCompile Include="Tool.cpp">
      <Filter>98. Default</Filter>
    </ClCompile>
    <ClCompile Include="..\Private\MainApp.cpp">
      <Filter>00. MainApp</Filter>
    </ClCompile>
    <ClCompile Include="..\Private\Level_Loading.cpp">
      <Filter>01. Levels\Loading</Filter>
    </ClCompile>
    <ClCompile Include="..\Private\Loader.cpp">
      <Filter>01. Levels\Loading\Loader</Filter>
    </ClCompile>
    <ClCompile Include="..\Private\BackGround.cpp">
      <Filter>02. GameObject\Background</Filter>
    </ClCompile>
    <ClCompile Include="..\Private\Terrain.cpp">
      <Filter>02. GameObject\Terrain</Filter>
    </ClCompile>
    <ClCompile Include="stdafx.cpp">
      <Filter>98. Default</Filter>
    </ClCompile>
    <ClCompile Include="..\Private\MapToolGUI.cpp">
      <Filter>96 ImGui\MapToolGUI</Filter>
    </ClCompile>
    <ClCompile Include="..\imgui\imgui.cpp">
      <Filter>96 ImGui\imgui</Filter>
    </ClCompile>
    <ClCompile Include="..\imgui\imgui_demo.cpp">
      <Filter>96 ImGui\imgui</Filter>
    </ClCompile>
    <ClCompile Include="..\imgui\imgui_draw.cpp">
      <Filter>96 ImGui\imgui</Filter>
    </ClCompile>
    <ClCompile Include="..\imgui\imgui_tables.cpp">
      <Filter>96 ImGui\imgui</Filter>
    </ClCompile>
    <ClCompile Include="..\imgui\imgui_widgets.cpp">
      <Filter>96 ImGui\imgui</Filter>
    </ClCompile>
    <ClCompile Include="..\imgui\ImGuiFileBrowser.cpp">
      <Filter>96 ImGui\imgui</Filter>
    </ClCompile>
    <ClCompile Include="..\imgui\backends\imgui_impl_dx11.cpp">
      <Filter>96 ImGui\imgui</Filter>
    </ClCompile>
    <ClCompile Include="..\imgui\backends\imgui_impl_win32.cpp">
      <Filter>96 ImGui\imgui</Filter>
    </ClCompile>
    <ClCompile Include="..\Private\FlatTerrain.cpp">
      <Filter>02. GameObject\Terrain\FlatTerrain</Filter>
    </ClCompile>
    <ClCompile Include="..\Private\DataToolGUI.cpp">
      <Filter>96 ImGui\DataToolGUI</Filter>
    </ClCompile>
    <ClCompile Include="..\Private\TestModel.cpp">
      <Filter>02. GameObject\TestModel</Filter>
    </ClCompile>
    <ClCompile Include="..\Private\Player.cpp">
      <Filter>02. GameObject\Player</Filter>
    </ClCompile>
    <ClCompile Include="..\Private\FileDialogUtill.cpp">
      <Filter>96 ImGui\Utill</Filter>
    </ClCompile>
    <ClCompile Include="..\Private\UIToolGUI.cpp">
      <Filter>96 ImGui\UiToolGUI</Filter>
    </ClCompile>
    <ClCompile Include="..\Private\UI.cpp">
      <Filter>02. GameObject\UI</Filter>
    </ClCompile>
    <ClCompile Include="..\Private\ModelUI.cpp">
      <Filter>02. GameObject\UI\ModelUI</Filter>
    </ClCompile>
    <ClCompile Include="..\Private\TextureUI.cpp">
      <Filter>02. GameObject\UI\TextureUI</Filter>
    </ClCompile>
    <ClCompile Include="..\Private\Level_BaseCamp.cpp">
      <Filter>01. Levels\BaseCamp</Filter>
    </ClCompile>
    <ClCompile Include="..\Private\Map.cpp">
      <Filter>02. GameObject\Map</Filter>
    </ClCompile>
    <ClCompile Include="..\Private\Stove.cpp">
      <Filter>02. GameObject\BaseCamp</Filter>
    </ClCompile>
    <ClCompile Include="..\Private\Camera_Public.cpp">
      <Filter>02. GameObject\Camera\Public</Filter>
    </ClCompile>
    <ClCompile Include="..\Private\Level_Logo.cpp">
      <Filter>01. Levels\Logo</Filter>
    </ClCompile>
    <ClCompile Include="..\Private\Button.cpp">
      <Filter>02. GameObject\UI\Button</Filter>
    </ClCompile>
    <ClCompile Include="..\Private\Level_WorldMap.cpp">
      <Filter>01. Levels\WorldMap</Filter>
    </ClCompile>
    <ClCompile Include="..\Private\WorldMapCloud.cpp">
      <Filter>02. GameObject\WorldMap</Filter>
    </ClCompile>
    <ClCompile Include="..\Private\Monster.cpp">
      <Filter>02. GameObject\Monster</Filter>
    </ClCompile>
    <ClCompile Include="..\Private\Client_Utility.cpp">
      <Filter>Client_Utility</Filter>
    </ClCompile>
    <ClCompile Include="..\Private\GoToWorldMapButton.cpp">
      <Filter>02. GameObject\UI\Button\GoToWorldMapButton</Filter>
    </ClCompile>
  </ItemGroup>
  <ItemGroup>
    <FxCompile Include="..\..\Reference\Resources\ShaderFiles\Shader_VtxNorTex.hlsl">
      <Filter>97. ShaderFiles</Filter>
    </FxCompile>
    <FxCompile Include="..\..\Reference\Resources\ShaderFiles\Shader_Vtxtex.hlsl">
      <Filter>97. ShaderFiles</Filter>
    </FxCompile>
    <FxCompile Include="..\..\Reference\Resources\ShaderFiles\Shader_VtxNorTex_HeightTerrain.hlsl">
      <Filter>97. ShaderFiles</Filter>
    </FxCompile>
    <FxCompile Include="..\..\Reference\Resources\ShaderFiles\Shader_VtxModel.hlsl">
      <Filter>97. ShaderFiles</Filter>
    </FxCompile>
    <FxCompile Include="..\..\Reference\Resources\ShaderFiles\Shader_VtxModelColor.hlsl">
      <Filter>97. ShaderFiles</Filter>
    </FxCompile>
    <FxCompile Include="..\..\Reference\Resources\ShaderFiles\Shader_VtxAnimModel.hlsl">
      <Filter>97. ShaderFiles</Filter>
    </FxCompile>
    <FxCompile Include="..\..\Reference\Resources\ShaderFiles\Shader_VtxAnimModelColor.hlsl">
      <Filter>97. ShaderFiles</Filter>
    </FxCompile>
    <FxCompile Include="..\..\Reference\Resources\ShaderFiles\Shader_Vtxtex_Button.hlsl">
      <Filter>97. ShaderFiles</Filter>
    </FxCompile>
  </ItemGroup>
  <ItemGroup>
    <Text Include="..\imgui\CMakeLists.txt">
      <Filter>96 ImGui\imgui</Filter>
    </Text>
    <Text Include="..\imgui\LICENSE.txt">
      <Filter>96 ImGui\imgui</Filter>
    </Text>
  </ItemGroup>
  <ItemGroup>
    <None Include="..\..\Reference\Resources\ShaderFiles\Shader_Defines.hlsli">
      <Filter>97. ShaderFiles</Filter>
    </None>
  </ItemGroup>
</Project>