<?xml version="1.0" encoding="utf-8"?>
<Project ToolsVersion="4.0" xmlns="http://schemas.microsoft.com/developer/msbuild/2003">
  <ItemGroup>
    <Filter Include="00. System">
      <UniqueIdentifier>{af0c8eea-bb39-4d4f-a05a-e68664b9dcbb}</UniqueIdentifier>
    </Filter>
    <Filter Include="01. Utility">
      <UniqueIdentifier>{4996d622-1904-495c-babc-b8fb26bbe4a4}</UniqueIdentifier>
    </Filter>
    <Filter Include="99. Defines">
      <UniqueIdentifier>{c186886e-c47c-440a-bbea-f0d797bb9549}</UniqueIdentifier>
    </Filter>
    <Filter Include="01. Utility\99. SuperClass">
      <UniqueIdentifier>{fdf41251-f48d-44b6-85b5-2c53aaadc4b4}</UniqueIdentifier>
    </Filter>
    <Filter Include="00. System\00. Timer">
      <UniqueIdentifier>{81a1286d-ad39-4cf5-a97c-448d7073e780}</UniqueIdentifier>
    </Filter>
    <Filter Include="00. System\00. Timer\Manager">
      <UniqueIdentifier>{e6d0630b-50d0-44fe-9008-7fcbd62a7a63}</UniqueIdentifier>
    </Filter>
    <Filter Include="00. System\01. Device">
      <UniqueIdentifier>{103428d8-a8e9-4b71-8b33-a5a866b3d57c}</UniqueIdentifier>
    </Filter>
    <Filter Include="00. System\01. Device\Graphic">
      <UniqueIdentifier>{366db89e-648e-4ffb-9c00-86e98ca978b7}</UniqueIdentifier>
    </Filter>
    <Filter Include="01. Utility\00. GameInstance">
      <UniqueIdentifier>{3eefba6c-f66f-4090-8837-031baadd4566}</UniqueIdentifier>
    </Filter>
    <Filter Include="01. Utility\01. Levels">
      <UniqueIdentifier>{30f46a43-9cd7-4cd1-aa86-e977e08d992d}</UniqueIdentifier>
    </Filter>
    <Filter Include="01. Utility\01. Levels\Manager">
      <UniqueIdentifier>{3de17fbe-174f-4dc7-b3f7-bcf2115b2056}</UniqueIdentifier>
    </Filter>
    <Filter Include="01. Utility\02. GameObject">
      <UniqueIdentifier>{bf61e1f2-1413-4a9c-a3dc-76e27aeef281}</UniqueIdentifier>
    </Filter>
    <Filter Include="01. Utility\02. GameObject\Manager">
      <UniqueIdentifier>{6c0c822e-5a8f-4da6-bf9f-acc206f3be49}</UniqueIdentifier>
    </Filter>
    <Filter Include="01. Utility\02. GameObject\Manager\Layer">
      <UniqueIdentifier>{b1138ee8-50c8-40e6-a0d5-ceac59945b2d}</UniqueIdentifier>
    </Filter>
    <Filter Include="01. Utility\03. Component">
      <UniqueIdentifier>{82abbd5c-08d1-4924-b50a-595c3c86a8ca}</UniqueIdentifier>
    </Filter>
    <Filter Include="01. Utility\03. Component\Manager">
      <UniqueIdentifier>{6897c2d6-664a-499d-9f89-32db78c40e26}</UniqueIdentifier>
    </Filter>
    <Filter Include="01. Utility\03. Component\Renderer">
      <UniqueIdentifier>{840e63dd-9aa7-40aa-a6f1-b4ee70a58f72}</UniqueIdentifier>
    </Filter>
    <Filter Include="01. Utility\03. Component\Shader">
      <UniqueIdentifier>{39f81ab4-6967-4038-9dea-446a4b971bab}</UniqueIdentifier>
    </Filter>
    <Filter Include="01. Utility\03. Component\VIBuffer">
      <UniqueIdentifier>{75b64518-a531-4795-92f5-7fdf3e9c98b6}</UniqueIdentifier>
    </Filter>
    <Filter Include="01. Utility\03. Component\VIBuffer\Rect">
      <UniqueIdentifier>{ff8705b5-4dbc-4236-b9f2-7f045c4019af}</UniqueIdentifier>
    </Filter>
    <Filter Include="00. System\02. Sound">
      <UniqueIdentifier>{940cb85d-41e8-42f9-a66c-9dc133f29f20}</UniqueIdentifier>
    </Filter>
    <Filter Include="01. Utility\03. Component\Texture">
      <UniqueIdentifier>{93dd250a-590c-4959-8db7-cd9ca7fd9f68}</UniqueIdentifier>
    </Filter>
    <Filter Include="01. Utility\03. Component\VIBuffer\Terrain">
      <UniqueIdentifier>{11119ad7-ede7-4e75-a695-6cc868324347}</UniqueIdentifier>
    </Filter>
    <Filter Include="01. Utility\03. Component\Transform">
      <UniqueIdentifier>{e63c6873-9e41-466c-928b-60210caf32e3}</UniqueIdentifier>
    </Filter>
    <Filter Include="01. Utility\04. PipeLine">
      <UniqueIdentifier>{27bb6eb4-a54b-4ea9-9da8-1178df657db4}</UniqueIdentifier>
    </Filter>
    <Filter Include="01. Utility\02. GameObject\Camera">
      <UniqueIdentifier>{87b8219b-0b71-49b4-974b-85bd22ef34bf}</UniqueIdentifier>
    </Filter>
    <Filter Include="01. Utility\02. GameObject\Camera\Dynamic">
      <UniqueIdentifier>{8de618fb-df48-49b9-b88f-098ef6f6c5a5}</UniqueIdentifier>
    </Filter>
    <Filter Include="00. System\01. Device\input">
      <UniqueIdentifier>{baca60db-6620-46e5-840f-8c5acd14a2ce}</UniqueIdentifier>
    </Filter>
    <Filter Include="01. Utility\03. Component\VIBuffer\Terrain\FlatTerrain">
      <UniqueIdentifier>{b7f18677-9ff9-48c5-ad4f-326be5ac97c7}</UniqueIdentifier>
    </Filter>
    <Filter Include="01. Utility\05. Lights">
      <UniqueIdentifier>{b45609cc-23b0-40a7-abfb-fa768ce8ff36}</UniqueIdentifier>
    </Filter>
    <Filter Include="01. Utility\05. Lights\Manager">
      <UniqueIdentifier>{24abbc47-1ea4-4547-a3b1-6aa5b38f2a3b}</UniqueIdentifier>
    </Filter>
    <Filter Include="01. Utility\03. Component\Calculator">
      <UniqueIdentifier>{73d50eb8-7c6e-4e45-93ee-2a7814a94a86}</UniqueIdentifier>
    </Filter>
    <Filter Include="01. Utility\03. Component\Model">
      <UniqueIdentifier>{6c64abe0-11e8-4a35-8b7d-566efd7ba73e}</UniqueIdentifier>
    </Filter>
    <Filter Include="01. Utility\03. Component\Model\Mesh">
      <UniqueIdentifier>{d0c4ca83-b0a5-44ca-b8f6-6c570a29a573}</UniqueIdentifier>
    </Filter>
    <Filter Include="01. Utility\98. Utillity">
      <UniqueIdentifier>{b3ce1036-09f2-45f7-8608-b911206ff166}</UniqueIdentifier>
    </Filter>
    <Filter Include="01. Utility\03. Component\Model\Animation">
      <UniqueIdentifier>{8e11361e-efb8-4ebb-90e2-7207322b9e15}</UniqueIdentifier>
    </Filter>
    <Filter Include="01. Utility\03. Component\Model\Animation\Channel">
      <UniqueIdentifier>{3cdbce88-bb29-43b7-9471-836cf267bb87}</UniqueIdentifier>
    </Filter>
    <Filter Include="01. Utility\03. Component\PickingCube">
      <UniqueIdentifier>{5c208f18-4b51-4ac1-a066-69bd86c08996}</UniqueIdentifier>
    </Filter>
    <Filter Include="01. Utility\03. Component\FSM">
      <UniqueIdentifier>{bee458bb-478c-4e94-b7ce-ab05c500ec4d}</UniqueIdentifier>
    </Filter>
    <Filter Include="01. Utility\03. Component\Model\Bone">
      <UniqueIdentifier>{027ea661-3bcf-46bb-bd5f-351438e7ccf6}</UniqueIdentifier>
    </Filter>
    <Filter Include="01. Utility\03. Component\Collider">
      <UniqueIdentifier>{612fb1aa-5616-4dba-992b-2fe41529c3d6}</UniqueIdentifier>
    </Filter>
    <Filter Include="01. Utility\03. Component\Collider\AABB">
      <UniqueIdentifier>{220bcda3-b71a-4ea3-8e28-6f52d18da4dc}</UniqueIdentifier>
    </Filter>
    <Filter Include="01. Utility\03. Component\Collider\OBB">
      <UniqueIdentifier>{b0fd0fcc-fd5b-4fb8-8b64-be934badb898}</UniqueIdentifier>
    </Filter>
    <Filter Include="01. Utility\03. Component\Collider\Sphere">
      <UniqueIdentifier>{af2200cd-e829-4588-a4db-022d91bee786}</UniqueIdentifier>
    </Filter>
    <Filter Include="01. Utility\03. Component\Collider\Manager">
      <UniqueIdentifier>{2342ab20-74e3-49b2-9ac1-ac4a26918366}</UniqueIdentifier>
    </Filter>
    <Filter Include="01. Utility\03. Component\Billboard">
      <UniqueIdentifier>{768234df-a1fd-4e36-93ea-8bee259a16f7}</UniqueIdentifier>
    </Filter>
    <Filter Include="01. Utility\03. Component\Navigation">
      <UniqueIdentifier>{a68e1660-66e7-4722-ad90-9272707d34ac}</UniqueIdentifier>
    </Filter>
    <Filter Include="01. Utility\03. Component\Navigation\Cell">
      <UniqueIdentifier>{b6e54145-1169-45d2-90ef-4764094753c3}</UniqueIdentifier>
    </Filter>
    <Filter Include="01. Utility\03. Component\VIBuffer\Cell">
      <UniqueIdentifier>{5d3c38f9-b7d5-4d9d-a12f-96c170863553}</UniqueIdentifier>
    </Filter>
    <Filter Include="01. Utility\06. Fonts">
      <UniqueIdentifier>{35251340-f6af-4ed9-a0a4-98341da7cf98}</UniqueIdentifier>
    </Filter>
    <Filter Include="01. Utility\06. Fonts\Manager">
      <UniqueIdentifier>{e20f6673-052d-4325-b7ed-8726ef96db6f}</UniqueIdentifier>
    </Filter>
    <Filter Include="01. Utility\03. Component\VIBuffer\Instancing">
      <UniqueIdentifier>{3736d6e2-050f-4ac8-984b-f2df3ee70892}</UniqueIdentifier>
    </Filter>
    <Filter Include="01. Utility\03. Component\VIBuffer\Instancing\Rect">
      <UniqueIdentifier>{9787b89a-7c13-4813-9069-751a4f10bb93}</UniqueIdentifier>
    </Filter>
    <Filter Include="01. Utility\07. Frustum">
      <UniqueIdentifier>{62f3a908-eba6-4fb8-a73c-7b96d40297bc}</UniqueIdentifier>
    </Filter>
  </ItemGroup>
  <ItemGroup>
    <ClInclude Include="..\Public\Engine_Defines.h">
      <Filter>99. Defines</Filter>
    </ClInclude>
    <ClInclude Include="..\Public\Engine_Function.h">
      <Filter>99. Defines</Filter>
    </ClInclude>
    <ClInclude Include="..\Public\Engine_Macro.h">
      <Filter>99. Defines</Filter>
    </ClInclude>
    <ClInclude Include="..\Public\Engine_Struct.h">
      <Filter>99. Defines</Filter>
    </ClInclude>
    <ClInclude Include="..\Public\Engine_Typedef.h">
      <Filter>99. Defines</Filter>
    </ClInclude>
    <ClInclude Include="..\Public\Base.h">
      <Filter>01. Utility\99. SuperClass</Filter>
    </ClInclude>
    <ClInclude Include="..\Public\Timer.h">
      <Filter>00. System\00. Timer</Filter>
    </ClInclude>
    <ClInclude Include="..\Public\Timer_Manager.h">
      <Filter>00. System\00. Timer\Manager</Filter>
    </ClInclude>
    <ClInclude Include="..\Public\Graphic_Device.h">
      <Filter>00. System\01. Device\Graphic</Filter>
    </ClInclude>
    <ClInclude Include="..\Public\GameInstance.h">
      <Filter>01. Utility\00. GameInstance</Filter>
    </ClInclude>
    <ClInclude Include="..\Public\Level_Manager.h">
      <Filter>01. Utility\01. Levels\Manager</Filter>
    </ClInclude>
    <ClInclude Include="..\Public\Level.h">
      <Filter>01. Utility\01. Levels</Filter>
    </ClInclude>
    <ClInclude Include="..\Public\GameObject.h">
      <Filter>01. Utility\02. GameObject</Filter>
    </ClInclude>
    <ClInclude Include="..\Public\Object_Manager.h">
      <Filter>01. Utility\02. GameObject\Manager</Filter>
    </ClInclude>
    <ClInclude Include="..\Public\Layer.h">
      <Filter>01. Utility\02. GameObject\Manager\Layer</Filter>
    </ClInclude>
    <ClInclude Include="..\Public\Component.h">
      <Filter>01. Utility\03. Component</Filter>
    </ClInclude>
    <ClInclude Include="..\Public\Component_Manager.h">
      <Filter>01. Utility\03. Component\Manager</Filter>
    </ClInclude>
    <ClInclude Include="..\Public\Renderer.h">
      <Filter>01. Utility\03. Component\Renderer</Filter>
    </ClInclude>
    <ClInclude Include="..\Public\VIBuffer.h">
      <Filter>01. Utility\03. Component\VIBuffer</Filter>
    </ClInclude>
    <ClInclude Include="..\Public\Shader.h">
      <Filter>01. Utility\03. Component\Shader</Filter>
    </ClInclude>
    <ClInclude Include="..\Public\VIBuffer_Rect.h">
      <Filter>01. Utility\03. Component\VIBuffer\Rect</Filter>
    </ClInclude>
    <ClInclude Include="..\Public\Sound_Manager.h">
      <Filter>00. System\02. Sound</Filter>
    </ClInclude>
    <ClInclude Include="..\Public\Engine_Enum.h">
      <Filter>99. Defines</Filter>
    </ClInclude>
    <ClInclude Include="..\Public\Texture.h">
      <Filter>01. Utility\03. Component\Texture</Filter>
    </ClInclude>
    <ClInclude Include="..\Public\VIBuffer_Terrain.h">
      <Filter>01. Utility\03. Component\VIBuffer\Terrain</Filter>
    </ClInclude>
    <ClInclude Include="..\Public\Transform.h">
      <Filter>01. Utility\03. Component\Transform</Filter>
    </ClInclude>
    <ClInclude Include="..\Public\PipeLine.h">
      <Filter>01. Utility\04. PipeLine</Filter>
    </ClInclude>
    <ClInclude Include="..\Public\Camera.h">
      <Filter>01. Utility\02. GameObject\Camera</Filter>
    </ClInclude>
    <ClInclude Include="..\Public\Camera_Dynamic.h">
      <Filter>01. Utility\02. GameObject\Camera\Dynamic</Filter>
    </ClInclude>
    <ClInclude Include="..\Public\Input_Device.h">
      <Filter>00. System\01. Device\input</Filter>
    </ClInclude>
    <ClInclude Include="..\Public\VIBuffer_FlatTerrain.h">
      <Filter>01. Utility\03. Component\VIBuffer\Terrain\FlatTerrain</Filter>
    </ClInclude>
    <ClInclude Include="..\Public\Light.h">
      <Filter>01. Utility\05. Lights</Filter>
    </ClInclude>
    <ClInclude Include="..\Public\Light_Manager.h">
      <Filter>01. Utility\05. Lights\Manager</Filter>
    </ClInclude>
    <ClInclude Include="..\Public\Calculator.h">
      <Filter>01. Utility\03. Component\Calculator</Filter>
    </ClInclude>
    <ClInclude Include="..\Public\Model.h">
      <Filter>01. Utility\03. Component\Model</Filter>
    </ClInclude>
    <ClInclude Include="..\Public\Mesh.h">
      <Filter>01. Utility\03. Component\Model\Mesh</Filter>
    </ClInclude>
    <ClInclude Include="..\Public\PickingCube.h">
      <Filter>01. Utility\03. Component\PickingCube</Filter>
    </ClInclude>
    <ClInclude Include="..\Public\Utility.h">
      <Filter>01. Utility\98. Utillity</Filter>
    </ClInclude>
    <ClInclude Include="..\Public\Bone.h">
      <Filter>01. Utility\03. Component\Model\Bone</Filter>
    </ClInclude>
    <ClInclude Include="..\Public\Animation.h">
      <Filter>01. Utility\03. Component\Model\Animation</Filter>
    </ClInclude>
    <ClInclude Include="..\Public\Channel.h">
      <Filter>01. Utility\03. Component\Model\Animation\Channel</Filter>
    </ClInclude>
    <ClInclude Include="..\Public\MonFSM.h">
      <Filter>01. Utility\03. Component\FSM</Filter>
    </ClInclude>
    <ClInclude Include="..\Public\DebugDraw.h">
      <Filter>01. Utility\03. Component\Collider</Filter>
    </ClInclude>
    <ClInclude Include="..\Public\Collider.h">
      <Filter>01. Utility\03. Component\Collider</Filter>
    </ClInclude>
    <ClInclude Include="..\Public\AABB.h">
      <Filter>01. Utility\03. Component\Collider\AABB</Filter>
    </ClInclude>
    <ClInclude Include="..\Public\OBB.h">
      <Filter>01. Utility\03. Component\Collider\OBB</Filter>
    </ClInclude>
    <ClInclude Include="..\Public\Sphere.h">
      <Filter>01. Utility\03. Component\Collider\Sphere</Filter>
    </ClInclude>
    <ClInclude Include="..\Public\Collider_Manager.h">
      <Filter>01. Utility\03. Component\Collider\Manager</Filter>
    </ClInclude>
    <ClInclude Include="..\Public\Billboard.h">
      <Filter>01. Utility\03. Component\Billboard</Filter>
    </ClInclude>
    <ClInclude Include="..\Public\Navigation.h">
      <Filter>01. Utility\03. Component\Navigation</Filter>
    </ClInclude>
    <ClInclude Include="..\Public\Cell.h">
      <Filter>01. Utility\03. Component\Navigation\Cell</Filter>
    </ClInclude>
    <ClInclude Include="..\Public\VIBuffer_Cell.h">
      <Filter>01. Utility\03. Component\VIBuffer\Cell</Filter>
    </ClInclude>
    <ClInclude Include="..\Public\CustomFont.h">
      <Filter>01. Utility\06. Fonts</Filter>
    </ClInclude>
    <ClInclude Include="..\Private\Font_Manager.h">
      <Filter>01. Utility\06. Fonts\Manager</Filter>
    </ClInclude>
    <ClInclude Include="..\Public\VIBuffer_Rect_Instance.h">
      <Filter>01. Utility\03. Component\VIBuffer\Instancing\Rect</Filter>
    </ClInclude>
    <ClInclude Include="..\Public\Frustum.h">
      <Filter>01. Utility\07. Frustum</Filter>
    </ClInclude>
  </ItemGroup>
  <ItemGroup>
    <ClCompile Include="..\Private\Base.cpp">
      <Filter>01. Utility\99. SuperClass</Filter>
    </ClCompile>
    <ClCompile Include="..\Private\Timer.cpp">
      <Filter>00. System\00. Timer</Filter>
    </ClCompile>
    <ClCompile Include="..\Private\Timer_Manager.cpp">
      <Filter>00. System\00. Timer\Manager</Filter>
    </ClCompile>
    <ClCompile Include="..\Private\Graphic_Device.cpp">
      <Filter>00. System\01. Device\Graphic</Filter>
    </ClCompile>
    <ClCompile Include="..\Private\GameInstance.cpp">
      <Filter>01. Utility\00. GameInstance</Filter>
    </ClCompile>
    <ClCompile Include="..\Private\Level_Manager.cpp">
      <Filter>01. Utility\01. Levels\Manager</Filter>
    </ClCompile>
    <ClCompile Include="..\Private\Level.cpp">
      <Filter>01. Utility\01. Levels</Filter>
    </ClCompile>
    <ClCompile Include="..\Private\GameObject.cpp">
      <Filter>01. Utility\02. GameObject</Filter>
    </ClCompile>
    <ClCompile Include="..\Private\Layer.cpp">
      <Filter>01. Utility\02. GameObject\Manager\Layer</Filter>
    </ClCompile>
    <ClCompile Include="..\Private\Component.cpp">
      <Filter>01. Utility\03. Component</Filter>
    </ClCompile>
    <ClCompile Include="..\Private\Component_Manager.cpp">
      <Filter>01. Utility\03. Component\Manager</Filter>
    </ClCompile>
    <ClCompile Include="..\Private\Renderer.cpp">
      <Filter>01. Utility\03. Component\Renderer</Filter>
    </ClCompile>
    <ClCompile Include="..\Private\VIBuffer.cpp">
      <Filter>01. Utility\03. Component\VIBuffer</Filter>
    </ClCompile>
    <ClCompile Include="..\Private\Shader.cpp">
      <Filter>01. Utility\03. Component\Shader</Filter>
    </ClCompile>
    <ClCompile Include="..\Private\Engine_Struct.cpp">
      <Filter>99. Defines</Filter>
    </ClCompile>
    <ClCompile Include="..\Private\VIBuffer_Rect.cpp">
      <Filter>01. Utility\03. Component\VIBuffer\Rect</Filter>
    </ClCompile>
    <ClCompile Include="..\Private\Sound_Manager.cpp">
      <Filter>00. System\02. Sound</Filter>
    </ClCompile>
    <ClCompile Include="..\Private\Texture.cpp">
      <Filter>01. Utility\03. Component\Texture</Filter>
    </ClCompile>
    <ClCompile Include="..\Private\VIBuffer_Terrain.cpp">
      <Filter>01. Utility\03. Component\VIBuffer\Terrain</Filter>
    </ClCompile>
    <ClCompile Include="..\Private\Transform.cpp">
      <Filter>01. Utility\03. Component\Transform</Filter>
    </ClCompile>
    <ClCompile Include="..\Private\PipeLine.cpp">
      <Filter>01. Utility\04. PipeLine</Filter>
    </ClCompile>
    <ClCompile Include="..\Private\Camera.cpp">
      <Filter>01. Utility\02. GameObject\Camera</Filter>
    </ClCompile>
    <ClCompile Include="..\Private\Camera_Dynamic.cpp">
      <Filter>01. Utility\02. GameObject\Camera\Dynamic</Filter>
    </ClCompile>
    <ClCompile Include="..\Private\Input_Device.cpp">
      <Filter>00. System\01. Device\input</Filter>
    </ClCompile>
    <ClCompile Include="..\Private\VIBuffer_FlatTerrain.cpp">
      <Filter>01. Utility\03. Component\VIBuffer\Terrain\FlatTerrain</Filter>
    </ClCompile>
    <ClCompile Include="..\Private\Light.cpp">
      <Filter>01. Utility\05. Lights</Filter>
    </ClCompile>
    <ClCompile Include="..\Private\Light_Manager.cpp">
      <Filter>01. Utility\05. Lights\Manager</Filter>
    </ClCompile>
    <ClCompile Include="..\Private\Calculator.cpp">
      <Filter>01. Utility\03. Component\Calculator</Filter>
    </ClCompile>
    <ClCompile Include="..\Private\Model.cpp">
      <Filter>01. Utility\03. Component\Model</Filter>
    </ClCompile>
    <ClCompile Include="..\Private\Mesh.cpp">
      <Filter>01. Utility\03. Component\Model\Mesh</Filter>
    </ClCompile>
    <ClCompile Include="..\Private\PickingCube.cpp">
      <Filter>01. Utility\03. Component\PickingCube</Filter>
    </ClCompile>
    <ClCompile Include="..\Private\Utility.cpp">
      <Filter>01. Utility\98. Utillity</Filter>
    </ClCompile>
    <ClCompile Include="..\Private\Bone.cpp">
      <Filter>01. Utility\03. Component\Model\Bone</Filter>
    </ClCompile>
    <ClCompile Include="..\Private\Animation.cpp">
      <Filter>01. Utility\03. Component\Model\Animation</Filter>
    </ClCompile>
    <ClCompile Include="..\Private\Channel.cpp">
      <Filter>01. Utility\03. Component\Model\Animation\Channel</Filter>
    </ClCompile>
    <ClCompile Include="..\Private\MonFSM.cpp">
      <Filter>01. Utility\03. Component\FSM</Filter>
    </ClCompile>
    <ClCompile Include="..\Private\Object_Manager.cpp">
      <Filter>01. Utility\02. GameObject\Manager</Filter>
    </ClCompile>
    <ClCompile Include="..\Private\DebugDraw.cpp">
      <Filter>01. Utility\03. Component\Collider</Filter>
    </ClCompile>
    <ClCompile Include="..\Private\Collider.cpp">
      <Filter>01. Utility\03. Component\Collider</Filter>
    </ClCompile>
    <ClCompile Include="..\Private\AABB.cpp">
      <Filter>01. Utility\03. Component\Collider\AABB</Filter>
    </ClCompile>
    <ClCompile Include="..\Private\OBB.cpp">
      <Filter>01. Utility\03. Component\Collider\OBB</Filter>
    </ClCompile>
    <ClCompile Include="..\Private\Sphere.cpp">
      <Filter>01. Utility\03. Component\Collider\Sphere</Filter>
    </ClCompile>
    <ClCompile Include="..\Private\Collider_Manager.cpp">
      <Filter>01. Utility\03. Component\Collider\Manager</Filter>
    </ClCompile>
    <ClCompile Include="..\Private\Billboard.cpp">
      <Filter>01. Utility\03. Component\Billboard</Filter>
    </ClCompile>
    <ClCompile Include="..\Private\Navigation.cpp">
      <Filter>01. Utility\03. Component\Navigation</Filter>
    </ClCompile>
    <ClCompile Include="..\Private\Cell.cpp">
      <Filter>01. Utility\03. Component\Navigation\Cell</Filter>
    </ClCompile>
    <ClCompile Include="..\Private\VIBuffer_Cell.cpp">
      <Filter>01. Utility\03. Component\VIBuffer\Cell</Filter>
    </ClCompile>
    <ClCompile Include="..\Private\CustomFont.cpp">
      <Filter>01. Utility\06. Fonts</Filter>
    </ClCompile>
    <ClCompile Include="..\Public\Font_Manager.cpp">
      <Filter>01. Utility\06. Fonts\Manager</Filter>
    </ClCompile>
    <ClCompile Include="..\Private\VIBuffer_Rect_Instance.cpp">
      <Filter>01. Utility\03. Component\VIBuffer\Instancing\Rect</Filter>
    </ClCompile>
    <ClCompile Include="..\Private\Frustum.cpp">
      <Filter>01. Utility\07. Frustum</Filter>
    </ClCompile>
  </ItemGroup>
</Project>